
[[dependencies]]
name = "@openzeppelin-contracts"
version = "5.0.1"
source = "https://soldeer-revisions.s3.amazonaws.com/@openzeppelin-contracts/5_0_1_22-01-2024_13:14:01_contracts.zip"
checksum = "c256cbf6f5f38d3b65c7528bbffb530d0bdb818a20c9d5b61235a829202d7df7"

[[dependencies]]
name = "forge-std"
version = "1.9.2"
source = "https://soldeer-revisions.s3.amazonaws.com/forge-std/1_9_2_06-08-2024_17:31:25_forge-std-1.9.2.zip"
checksum = "20fd008c7c69b6c737cc0284469d1c76497107bc3e004d8381f6d8781cb27980"

[[dependencies]]
name = "risc0-ethereum"
version = "1.0.0"
source = "https://github.com/vlayer-xyz/risc0-ethereum/releases/download/v1.0.0-soldeer-no-remappings/contracts.zip"
checksum = "e52afcc3d533069a040e6e489c598bf6885f596f176027d747343105a54b07e2"

[[dependencies]]
name = "vlayer"
version = "0.1.0-nightly-20241115-70dfc11"
source = "https://soldeer-revisions.s3.amazonaws.com/vlayer/0_1_0-nightly-20241115-70dfc11_15-11-2024_11:50:31_contracts.zip"
checksum = "ea4f621c4472173214c58b1d412f455d606b85ab25ce8a7b14eec6774ac95bc7"
